// !$*UTF8*$!
{
	archiveVersion = 1;
	classes = {
	};
	objectVersion = 46;
	objects = {

/* Begin PBXBuildFile section */
		C97E09771E8E6C3900C3F70D /* MapKit.framework in Frameworks */ = {isa = PBXBuildFile; fileRef = C97E09761E8E6C3900C3F70D /* MapKit.framework */; };
		DDC8DDC51E895F7E001ADD47 /* main.m in Sources */ = {isa = PBXBuildFile; fileRef = DDC8DDC41E895F7E001ADD47 /* main.m */; };
		DDC8DDC81E895F7E001ADD47 /* AppDelegate.m in Sources */ = {isa = PBXBuildFile; fileRef = DDC8DDC71E895F7E001ADD47 /* AppDelegate.m */; };
		DDC8DDCB1E895F7E001ADD47 /* ViewController.m in Sources */ = {isa = PBXBuildFile; fileRef = DDC8DDCA1E895F7E001ADD47 /* ViewController.m */; };
		DDC8DDCE1E895F7E001ADD47 /* Main.storyboard in Resources */ = {isa = PBXBuildFile; fileRef = DDC8DDCC1E895F7E001ADD47 /* Main.storyboard */; };
		DDC8DDD01E895F7E001ADD47 /* Assets.xcassets in Resources */ = {isa = PBXBuildFile; fileRef = DDC8DDCF1E895F7E001ADD47 /* Assets.xcassets */; };
		DDC8DDD31E895F7E001ADD47 /* LaunchScreen.storyboard in Resources */ = {isa = PBXBuildFile; fileRef = DDC8DDD11E895F7E001ADD47 /* LaunchScreen.storyboard */; };
		DDC8DDDE1E895F7E001ADD47 /* JLAuthorizationDemoTests.m in Sources */ = {isa = PBXBuildFile; fileRef = DDC8DDDD1E895F7E001ADD47 /* JLAuthorizationDemoTests.m */; };
		DDC8DDE91E895F7E001ADD47 /* JLAuthorizationDemoUITests.m in Sources */ = {isa = PBXBuildFile; fileRef = DDC8DDE81E895F7E001ADD47 /* JLAuthorizationDemoUITests.m */; };
		DDC8DDF81E896027001ADD47 /* JLAuthorizationManager.m in Sources */ = {isa = PBXBuildFile; fileRef = DDC8DDF61E896027001ADD47 /* JLAuthorizationManager.m */; };
/* End PBXBuildFile section */

/* Begin PBXContainerItemProxy section */
		DDC8DDDA1E895F7E001ADD47 /* PBXContainerItemProxy */ = {
			isa = PBXContainerItemProxy;
			containerPortal = DDC8DDB81E895F7E001ADD47 /* Project object */;
			proxyType = 1;
			remoteGlobalIDString = DDC8DDBF1E895F7E001ADD47;
			remoteInfo = JLAuthorizationDemo;
		};
		DDC8DDE51E895F7E001ADD47 /* PBXContainerItemProxy */ = {
			isa = PBXContainerItemProxy;
			containerPortal = DDC8DDB81E895F7E001ADD47 /* Project object */;
			proxyType = 1;
			remoteGlobalIDString = DDC8DDBF1E895F7E001ADD47;
			remoteInfo = JLAuthorizationDemo;
		};
/* End PBXContainerItemProxy section */

/* Begin PBXFileReference section */
		C97E09741E8E6BFE00C3F70D /* JLAuthorizationDemo.entitlements */ = {isa = PBXFileReference; lastKnownFileType = text.plist.entitlements; path = JLAuthorizationDemo.entitlements; sourceTree = "<group>"; };
		C97E09761E8E6C3900C3F70D /* MapKit.framework */ = {isa = PBXFileReference; lastKnownFileType = wrapper.framework; name = MapKit.framework; path = System/Library/Frameworks/MapKit.framework; sourceTree = SDKROOT; };
		DDC8DDC01E895F7E001ADD47 /* JLAuthorizationDemo.app */ = {isa = PBXFileReference; explicitFileType = wrapper.application; includeInIndex = 0; path = JLAuthorizationDemo.app; sourceTree = BUILT_PRODUCTS_DIR; };
		DDC8DDC41E895F7E001ADD47 /* main.m */ = {isa = PBXFileReference; lastKnownFileType = sourcecode.c.objc; path = main.m; sourceTree = "<group>"; };
		DDC8DDC61E895F7E001ADD47 /* AppDelegate.h */ = {isa = PBXFileReference; lastKnownFileType = sourcecode.c.h; path = AppDelegate.h; sourceTree = "<group>"; };
		DDC8DDC71E895F7E001ADD47 /* AppDelegate.m */ = {isa = PBXFileReference; lastKnownFileType = sourcecode.c.objc; path = AppDelegate.m; sourceTree = "<group>"; };
		DDC8DDC91E895F7E001ADD47 /* ViewController.h */ = {isa = PBXFileReference; lastKnownFileType = sourcecode.c.h; path = ViewController.h; sourceTree = "<group>"; };
		DDC8DDCA1E895F7E001ADD47 /* ViewController.m */ = {isa = PBXFileReference; lastKnownFileType = sourcecode.c.objc; path = ViewController.m; sourceTree = "<group>"; };
		DDC8DDCD1E895F7E001ADD47 /* Base */ = {isa = PBXFileReference; lastKnownFileType = file.storyboard; name = Base; path = Base.lproj/Main.storyboard; sourceTree = "<group>"; };
		DDC8DDCF1E895F7E001ADD47 /* Assets.xcassets */ = {isa = PBXFileReference; lastKnownFileType = folder.assetcatalog; path = Assets.xcassets; sourceTree = "<group>"; };
		DDC8DDD21E895F7E001ADD47 /* Base */ = {isa = PBXFileReference; lastKnownFileType = file.storyboard; name = Base; path = Base.lproj/LaunchScreen.storyboard; sourceTree = "<group>"; };
		DDC8DDD41E895F7E001ADD47 /* Info.plist */ = {isa = PBXFileReference; lastKnownFileType = text.plist.xml; path = Info.plist; sourceTree = "<group>"; };
		DDC8DDD91E895F7E001ADD47 /* JLAuthorizationDemoTests.xctest */ = {isa = PBXFileReference; explicitFileType = wrapper.cfbundle; includeInIndex = 0; path = JLAuthorizationDemoTests.xctest; sourceTree = BUILT_PRODUCTS_DIR; };
		DDC8DDDD1E895F7E001ADD47 /* JLAuthorizationDemoTests.m */ = {isa = PBXFileReference; lastKnownFileType = sourcecode.c.objc; path = JLAuthorizationDemoTests.m; sourceTree = "<group>"; };
		DDC8DDDF1E895F7E001ADD47 /* Info.plist */ = {isa = PBXFileReference; lastKnownFileType = text.plist.xml; path = Info.plist; sourceTree = "<group>"; };
		DDC8DDE41E895F7E001ADD47 /* JLAuthorizationDemoUITests.xctest */ = {isa = PBXFileReference; explicitFileType = wrapper.cfbundle; includeInIndex = 0; path = JLAuthorizationDemoUITests.xctest; sourceTree = BUILT_PRODUCTS_DIR; };
		DDC8DDE81E895F7E001ADD47 /* JLAuthorizationDemoUITests.m */ = {isa = PBXFileReference; lastKnownFileType = sourcecode.c.objc; path = JLAuthorizationDemoUITests.m; sourceTree = "<group>"; };
		DDC8DDEA1E895F7E001ADD47 /* Info.plist */ = {isa = PBXFileReference; lastKnownFileType = text.plist.xml; path = Info.plist; sourceTree = "<group>"; };
		DDC8DDF61E896027001ADD47 /* JLAuthorizationManager.m */ = {isa = PBXFileReference; fileEncoding = 4; lastKnownFileType = sourcecode.c.objc; name = JLAuthorizationManager.m; path = ../../sources/JLAuthorizationManager.m; sourceTree = "<group>"; };
		DDC8DDF71E896027001ADD47 /* JLAuthorizationManager.h */ = {isa = PBXFileReference; fileEncoding = 4; lastKnownFileType = sourcecode.c.h; name = JLAuthorizationManager.h; path = ../../sources/JLAuthorizationManager.h; sourceTree = "<group>"; };
/* End PBXFileReference section */

/* Begin PBXFrameworksBuildPhase section */
		DDC8DDBD1E895F7E001ADD47 /* Frameworks */ = {
			isa = PBXFrameworksBuildPhase;
			buildActionMask = 2147483647;
			files = (
				C97E09771E8E6C3900C3F70D /* MapKit.framework in Frameworks */,
			);
			runOnlyForDeploymentPostprocessing = 0;
		};
		DDC8DDD61E895F7E001ADD47 /* Frameworks */ = {
			isa = PBXFrameworksBuildPhase;
			buildActionMask = 2147483647;
			files = (
			);
			runOnlyForDeploymentPostprocessing = 0;
		};
		DDC8DDE11E895F7E001ADD47 /* Frameworks */ = {
			isa = PBXFrameworksBuildPhase;
			buildActionMask = 2147483647;
			files = (
			);
			runOnlyForDeploymentPostprocessing = 0;
		};
/* End PBXFrameworksBuildPhase section */

/* Begin PBXGroup section */
		C97E09751E8E6C3900C3F70D /* Frameworks */ = {
			isa = PBXGroup;
			children = (
				C97E09761E8E6C3900C3F70D /* MapKit.framework */,
			);
			name = Frameworks;
			sourceTree = "<group>";
		};
		DDC8DDB71E895F7D001ADD47 = {
			isa = PBXGroup;
			children = (
				DDC8DDC21E895F7E001ADD47 /* JLAuthorizationDemo */,
				DDC8DDDC1E895F7E001ADD47 /* JLAuthorizationDemoTests */,
				DDC8DDE71E895F7E001ADD47 /* JLAuthorizationDemoUITests */,
				DDC8DDC11E895F7E001ADD47 /* Products */,
				C97E09751E8E6C3900C3F70D /* Frameworks */,
			);
			sourceTree = "<group>";
		};
		DDC8DDC11E895F7E001ADD47 /* Products */ = {
			isa = PBXGroup;
			children = (
				DDC8DDC01E895F7E001ADD47 /* JLAuthorizationDemo.app */,
				DDC8DDD91E895F7E001ADD47 /* JLAuthorizationDemoTests.xctest */,
				DDC8DDE41E895F7E001ADD47 /* JLAuthorizationDemoUITests.xctest */,
			);
			name = Products;
			sourceTree = "<group>";
		};
		DDC8DDC21E895F7E001ADD47 /* JLAuthorizationDemo */ = {
			isa = PBXGroup;
			children = (
				C97E09741E8E6BFE00C3F70D /* JLAuthorizationDemo.entitlements */,
				DDC8DDF71E896027001ADD47 /* JLAuthorizationManager.h */,
				DDC8DDF61E896027001ADD47 /* JLAuthorizationManager.m */,
				DDC8DDC61E895F7E001ADD47 /* AppDelegate.h */,
				DDC8DDC71E895F7E001ADD47 /* AppDelegate.m */,
				DDC8DDC91E895F7E001ADD47 /* ViewController.h */,
				DDC8DDCA1E895F7E001ADD47 /* ViewController.m */,
				DDC8DDCC1E895F7E001ADD47 /* Main.storyboard */,
				DDC8DDCF1E895F7E001ADD47 /* Assets.xcassets */,
				DDC8DDD11E895F7E001ADD47 /* LaunchScreen.storyboard */,
				DDC8DDD41E895F7E001ADD47 /* Info.plist */,
				DDC8DDC31E895F7E001ADD47 /* Supporting Files */,
			);
			path = JLAuthorizationDemo;
			sourceTree = "<group>";
		};
		DDC8DDC31E895F7E001ADD47 /* Supporting Files */ = {
			isa = PBXGroup;
			children = (
				DDC8DDC41E895F7E001ADD47 /* main.m */,
			);
			name = "Supporting Files";
			sourceTree = "<group>";
		};
		DDC8DDDC1E895F7E001ADD47 /* JLAuthorizationDemoTests */ = {
			isa = PBXGroup;
			children = (
				DDC8DDDD1E895F7E001ADD47 /* JLAuthorizationDemoTests.m */,
				DDC8DDDF1E895F7E001ADD47 /* Info.plist */,
			);
			path = JLAuthorizationDemoTests;
			sourceTree = "<group>";
		};
		DDC8DDE71E895F7E001ADD47 /* JLAuthorizationDemoUITests */ = {
			isa = PBXGroup;
			children = (
				DDC8DDE81E895F7E001ADD47 /* JLAuthorizationDemoUITests.m */,
				DDC8DDEA1E895F7E001ADD47 /* Info.plist */,
			);
			path = JLAuthorizationDemoUITests;
			sourceTree = "<group>";
		};
/* End PBXGroup section */

/* Begin PBXNativeTarget section */
		DDC8DDBF1E895F7E001ADD47 /* JLAuthorizationDemo */ = {
			isa = PBXNativeTarget;
			buildConfigurationList = DDC8DDED1E895F7E001ADD47 /* Build configuration list for PBXNativeTarget "JLAuthorizationDemo" */;
			buildPhases = (
				DDC8DDBC1E895F7E001ADD47 /* Sources */,
				DDC8DDBD1E895F7E001ADD47 /* Frameworks */,
				DDC8DDBE1E895F7E001ADD47 /* Resources */,
			);
			buildRules = (
			);
			dependencies = (
			);
			name = JLAuthorizationDemo;
			productName = JLAuthorizationDemo;
			productReference = DDC8DDC01E895F7E001ADD47 /* JLAuthorizationDemo.app */;
			productType = "com.apple.product-type.application";
		};
		DDC8DDD81E895F7E001ADD47 /* JLAuthorizationDemoTests */ = {
			isa = PBXNativeTarget;
			buildConfigurationList = DDC8DDF01E895F7E001ADD47 /* Build configuration list for PBXNativeTarget "JLAuthorizationDemoTests" */;
			buildPhases = (
				DDC8DDD51E895F7E001ADD47 /* Sources */,
				DDC8DDD61E895F7E001ADD47 /* Frameworks */,
				DDC8DDD71E895F7E001ADD47 /* Resources */,
			);
			buildRules = (
			);
			dependencies = (
				DDC8DDDB1E895F7E001ADD47 /* PBXTargetDependency */,
			);
			name = JLAuthorizationDemoTests;
			productName = JLAuthorizationDemoTests;
			productReference = DDC8DDD91E895F7E001ADD47 /* JLAuthorizationDemoTests.xctest */;
			productType = "com.apple.product-type.bundle.unit-test";
		};
		DDC8DDE31E895F7E001ADD47 /* JLAuthorizationDemoUITests */ = {
			isa = PBXNativeTarget;
			buildConfigurationList = DDC8DDF31E895F7E001ADD47 /* Build configuration list for PBXNativeTarget "JLAuthorizationDemoUITests" */;
			buildPhases = (
				DDC8DDE01E895F7E001ADD47 /* Sources */,
				DDC8DDE11E895F7E001ADD47 /* Frameworks */,
				DDC8DDE21E895F7E001ADD47 /* Resources */,
			);
			buildRules = (
			);
			dependencies = (
				DDC8DDE61E895F7E001ADD47 /* PBXTargetDependency */,
			);
			name = JLAuthorizationDemoUITests;
			productName = JLAuthorizationDemoUITests;
			productReference = DDC8DDE41E895F7E001ADD47 /* JLAuthorizationDemoUITests.xctest */;
			productType = "com.apple.product-type.bundle.ui-testing";
		};
/* End PBXNativeTarget section */

/* Begin PBXProject section */
		DDC8DDB81E895F7E001ADD47 /* Project object */ = {
			isa = PBXProject;
			attributes = {
				LastUpgradeCheck = 0720;
				ORGANIZATIONNAME = com.jack.lin;
				TargetAttributes = {
					DDC8DDBF1E895F7E001ADD47 = {
						CreatedOnToolsVersion = 7.2;
						DevelopmentTeam = H9ZBM36KF6;
						SystemCapabilities = {
							com.apple.Maps.iOS = {
								enabled = 0;
							};
							com.apple.Siri = {
								enabled = 1;
							};
						};
					};
					DDC8DDD81E895F7E001ADD47 = {
						CreatedOnToolsVersion = 7.2;
						TestTargetID = DDC8DDBF1E895F7E001ADD47;
					};
					DDC8DDE31E895F7E001ADD47 = {
						CreatedOnToolsVersion = 7.2;
						TestTargetID = DDC8DDBF1E895F7E001ADD47;
					};
				};
			};
			buildConfigurationList = DDC8DDBB1E895F7E001ADD47 /* Build configuration list for PBXProject "JLAuthorizationDemo" */;
			compatibilityVersion = "Xcode 3.2";
			developmentRegion = English;
			hasScannedForEncodings = 0;
			knownRegions = (
				en,
				Base,
			);
			mainGroup = DDC8DDB71E895F7D001ADD47;
			productRefGroup = DDC8DDC11E895F7E001ADD47 /* Products */;
			projectDirPath = "";
			projectRoot = "";
			targets = (
				DDC8DDBF1E895F7E001ADD47 /* JLAuthorizationDemo */,
				DDC8DDD81E895F7E001ADD47 /* JLAuthorizationDemoTests */,
				DDC8DDE31E895F7E001ADD47 /* JLAuthorizationDemoUITests */,
			);
		};
/* End PBXProject section */

/* Begin PBXResourcesBuildPhase section */
		DDC8DDBE1E895F7E001ADD47 /* Resources */ = {
			isa = PBXResourcesBuildPhase;
			buildActionMask = 2147483647;
			files = (
				DDC8DDD31E895F7E001ADD47 /* LaunchScreen.storyboard in Resources */,
				DDC8DDD01E895F7E001ADD47 /* Assets.xcassets in Resources */,
				DDC8DDCE1E895F7E001ADD47 /* Main.storyboard in Resources */,
			);
			runOnlyForDeploymentPostprocessing = 0;
		};
		DDC8DDD71E895F7E001ADD47 /* Resources */ = {
			isa = PBXResourcesBuildPhase;
			buildActionMask = 2147483647;
			files = (
			);
			runOnlyForDeploymentPostprocessing = 0;
		};
		DDC8DDE21E895F7E001ADD47 /* Resources */ = {
			isa = PBXResourcesBuildPhase;
			buildActionMask = 2147483647;
			files = (
			);
			runOnlyForDeploymentPostprocessing = 0;
		};
/* End PBXResourcesBuildPhase section */

/* Begin PBXSourcesBuildPhase section */
		DDC8DDBC1E895F7E001ADD47 /* Sources */ = {
			isa = PBXSourcesBuildPhase;
			buildActionMask = 2147483647;
			files = (
				DDC8DDCB1E895F7E001ADD47 /* ViewController.m in Sources */,
				DDC8DDF81E896027001ADD47 /* JLAuthorizationManager.m in Sources */,
				DDC8DDC81E895F7E001ADD47 /* AppDelegate.m in Sources */,
				DDC8DDC51E895F7E001ADD47 /* main.m in Sources */,
			);
			runOnlyForDeploymentPostprocessing = 0;
		};
		DDC8DDD51E895F7E001ADD47 /* Sources */ = {
			isa = PBXSourcesBuildPhase;
			buildActionMask = 2147483647;
			files = (
				DDC8DDDE1E895F7E001ADD47 /* JLAuthorizationDemoTests.m in Sources */,
			);
			runOnlyForDeploymentPostprocessing = 0;
		};
		DDC8DDE01E895F7E001ADD47 /* Sources */ = {
			isa = PBXSourcesBuildPhase;
			buildActionMask = 2147483647;
			files = (
				DDC8DDE91E895F7E001ADD47 /* JLAuthorizationDemoUITests.m in Sources */,
			);
			runOnlyForDeploymentPostprocessing = 0;
		};
/* End PBXSourcesBuildPhase section */

/* Begin PBXTargetDependency section */
		DDC8DDDB1E895F7E001ADD47 /* PBXTargetDependency */ = {
			isa = PBXTargetDependency;
			target = DDC8DDBF1E895F7E001ADD47 /* JLAuthorizationDemo */;
			targetProxy = DDC8DDDA1E895F7E001ADD47 /* PBXContainerItemProxy */;
		};
		DDC8DDE61E895F7E001ADD47 /* PBXTargetDependency */ = {
			isa = PBXTargetDependency;
			target = DDC8DDBF1E895F7E001ADD47 /* JLAuthorizationDemo */;
			targetProxy = DDC8DDE51E895F7E001ADD47 /* PBXContainerItemProxy */;
		};
/* End PBXTargetDependency section */

/* Begin PBXVariantGroup section */
		DDC8DDCC1E895F7E001ADD47 /* Main.storyboard */ = {
			isa = PBXVariantGroup;
			children = (
				DDC8DDCD1E895F7E001ADD47 /* Base */,
			);
			name = Main.storyboard;
			sourceTree = "<group>";
		};
		DDC8DDD11E895F7E001ADD47 /* LaunchScreen.storyboard */ = {
			isa = PBXVariantGroup;
			children = (
				DDC8DDD21E895F7E001ADD47 /* Base */,
			);
			name = LaunchScreen.storyboard;
			sourceTree = "<group>";
		};
/* End PBXVariantGroup section */

/* Begin XCBuildConfiguration section */
		DDC8DDEB1E895F7E001ADD47 /* Debug */ = {
			isa = XCBuildConfiguration;
			buildSettings = {
				ALWAYS_SEARCH_USER_PATHS = NO;
				CLANG_CXX_LANGUAGE_STANDARD = "gnu++0x";
				CLANG_CXX_LIBRARY = "libc++";
				CLANG_ENABLE_MODULES = YES;
				CLANG_ENABLE_OBJC_ARC = YES;
				CLANG_WARN_BOOL_CONVERSION = YES;
				CLANG_WARN_CONSTANT_CONVERSION = YES;
				CLANG_WARN_DIRECT_OBJC_ISA_USAGE = YES_ERROR;
				CLANG_WARN_EMPTY_BODY = YES;
				CLANG_WARN_ENUM_CONVERSION = YES;
				CLANG_WARN_INT_CONVERSION = YES;
				CLANG_WARN_OBJC_ROOT_CLASS = YES_ERROR;
				CLANG_WARN_UNREACHABLE_CODE = YES;
				CLANG_WARN__DUPLICATE_METHOD_MATCH = YES;
				"CODE_SIGN_IDENTITY[sdk=iphoneos*]" = "iPhone Developer";
				COPY_PHASE_STRIP = NO;
				DEBUG_INFORMATION_FORMAT = dwarf;
				ENABLE_STRICT_OBJC_MSGSEND = YES;
				ENABLE_TESTABILITY = YES;
				GCC_C_LANGUAGE_STANDARD = gnu99;
				GCC_DYNAMIC_NO_PIC = NO;
				GCC_NO_COMMON_BLOCKS = YES;
				GCC_OPTIMIZATION_LEVEL = 0;
				GCC_PREPROCESSOR_DEFINITIONS = (
					"DEBUG=1",
					"$(inherited)",
				);
				GCC_WARN_64_TO_32_BIT_CONVERSION = YES;
				GCC_WARN_ABOUT_RETURN_TYPE = YES_ERROR;
				GCC_WARN_UNDECLARED_SELECTOR = YES;
				GCC_WARN_UNINITIALIZED_AUTOS = YES_AGGRESSIVE;
				GCC_WARN_UNUSED_FUNCTION = YES;
				GCC_WARN_UNUSED_VARIABLE = YES;
				IPHONEOS_DEPLOYMENT_TARGET = 9.2;
				MTL_ENABLE_DEBUG_INFO = YES;
				ONLY_ACTIVE_ARCH = YES;
				SDKROOT = iphoneos;
				TARGETED_DEVICE_FAMILY = "1,2";
			};
			name = Debug;
		};
		DDC8DDEC1E895F7E001ADD47 /* Release */ = {
			isa = XCBuildConfiguration;
			buildSettings = {
				ALWAYS_SEARCH_USER_PATHS = NO;
				CLANG_CXX_LANGUAGE_STANDARD = "gnu++0x";
				CLANG_CXX_LIBRARY = "libc++";
				CLANG_ENABLE_MODULES = YES;
				CLANG_ENABLE_OBJC_ARC = YES;
				CLANG_WARN_BOOL_CONVERSION = YES;
				CLANG_WARN_CONSTANT_CONVERSION = YES;
				CLANG_WARN_DIRECT_OBJC_ISA_USAGE = YES_ERROR;
				CLANG_WARN_EMPTY_BODY = YES;
				CLANG_WARN_ENUM_CONVERSION = YES;
				CLANG_WARN_INT_CONVERSION = YES;
				CLANG_WARN_OBJC_ROOT_CLASS = YES_ERROR;
				CLANG_WARN_UNREACHABLE_CODE = YES;
				CLANG_WARN__DUPLICATE_METHOD_MATCH = YES;
				"CODE_SIGN_IDENTITY[sdk=iphoneos*]" = "iPhone Developer";
				COPY_PHASE_STRIP = NO;
				DEBUG_INFORMATION_FORMAT = "dwarf-with-dsym";
				ENABLE_NS_ASSERTIONS = NO;
				ENABLE_STRICT_OBJC_MSGSEND = YES;
				GCC_C_LANGUAGE_STANDARD = gnu99;
				GCC_NO_COMMON_BLOCKS = YES;
				GCC_WARN_64_TO_32_BIT_CONVERSION = YES;
				GCC_WARN_ABOUT_RETURN_TYPE = YES_ERROR;
				GCC_WARN_UNDECLARED_SELECTOR = YES;
				GCC_WARN_UNINITIALIZED_AUTOS = YES_AGGRESSIVE;
				GCC_WARN_UNUSED_FUNCTION = YES;
				GCC_WARN_UNUSED_VARIABLE = YES;
				IPHONEOS_DEPLOYMENT_TARGET = 9.2;
				MTL_ENABLE_DEBUG_INFO = NO;
				SDKROOT = iphoneos;
				TARGETED_DEVICE_FAMILY = "1,2";
				VALIDATE_PRODUCT = YES;
			};
			name = Release;
		};
		DDC8DDEE1E895F7E001ADD47 /* Debug */ = {
			isa = XCBuildConfiguration;
			buildSettings = {
				ASSETCATALOG_COMPILER_APPICON_NAME = AppIcon;
				CODE_SIGN_ENTITLEMENTS = JLAuthorizationDemo/JLAuthorizationDemo.entitlements;
				DEVELOPMENT_TEAM = H9ZBM36KF6;
				INFOPLIST_FILE = JLAuthorizationDemo/Info.plist;
				IPHONEOS_DEPLOYMENT_TARGET = 10.2;
				LD_RUNPATH_SEARCH_PATHS = "$(inherited) @executable_path/Frameworks";
				PRODUCT_BUNDLE_IDENTIFIER = com.jack.lin.JLAuthorizationDemo;
				PRODUCT_NAME = "$(TARGET_NAME)";
			};
			name = Debug;
		};
		DDC8DDEF1E895F7E001ADD47 /* Release */ = {
			isa = XCBuildConfiguration;
			buildSettings = {
				ASSETCATALOG_COMPILER_APPICON_NAME = AppIcon;
				CODE_SIGN_ENTITLEMENTS = JLAuthorizationDemo/JLAuthorizationDemo.entitlements;
				DEVELOPMENT_TEAM = H9ZBM36KF6;
				INFOPLIST_FILE = JLAuthorizationDemo/Info.plist;
				IPHONEOS_DEPLOYMENT_TARGET = 10.2;
				LD_RUNPATH_SEARCH_PATHS = "$(inherited) @executable_path/Frameworks";
				PRODUCT_BUNDLE_IDENTIFIER = com.jack.lin.JLAuthorizationDemo;
				PRODUCT_NAME = "$(TARGET_NAME)";
			};
			name = Release;
		};
		DDC8DDF11E895F7E001ADD47 /* Debug */ = {
			isa = XCBuildConfiguration;
			buildSettings = {
				BUNDLE_LOADER = "$(TEST_HOST)";
				INFOPLIST_FILE = JLAuthorizationDemoTests/Info.plist;
				LD_RUNPATH_SEARCH_PATHS = "$(inherited) @executable_path/Frameworks @loader_path/Frameworks";
				PRODUCT_BUNDLE_IDENTIFIER = com.jack.lin.JLAuthorizationDemoTests;
				PRODUCT_NAME = "$(TARGET_NAME)";
				TEST_HOST = "$(BUILT_PRODUCTS_DIR)/JLAuthorizationDemo.app/JLAuthorizationDemo";
			};
			name = Debug;
		};
		DDC8DDF21E895F7E001ADD47 /* Release */ = {
			isa = XCBuildConfiguration;
			buildSettings = {
				BUNDLE_LOADER = "$(TEST_HOST)";
				INFOPLIST_FILE = JLAuthorizationDemoTests/Info.plist;
				LD_RUNPATH_SEARCH_PATHS = "$(inherited) @executable_path/Frameworks @loader_path/Frameworks";
				PRODUCT_BUNDLE_IDENTIFIER = com.jack.lin.JLAuthorizationDemoTests;
				PRODUCT_NAME = "$(TARGET_NAME)";
				TEST_HOST = "$(BUILT_PRODUCTS_DIR)/JLAuthorizationDemo.app/JLAuthorizationDemo";
			};
			name = Release;
		};
		DDC8DDF41E895F7E001ADD47 /* Debug */ = {
			isa = XCBuildConfiguration;
			buildSettings = {
				INFOPLIST_FILE = JLAuthorizationDemoUITests/Info.plist;
				LD_RUNPATH_SEARCH_PATHS = "$(inherited) @executable_path/Frameworks @loader_path/Frameworks";
				PRODUCT_BUNDLE_IDENTIFIER = com.jack.lin.JLAuthorizationDemoUITests;
				PRODUCT_NAME = "$(TARGET_NAME)";
				TEST_TARGET_NAME = JLAuthorizationDemo;
				USES_XCTRUNNER = YES;
			};
			name = Debug;
		};
		DDC8DDF51E895F7E001ADD47 /* Release */ = {
			isa = XCBuildConfiguration;
			buildSettings = {
				INFOPLIST_FILE = JLAuthorizationDemoUITests/Info.plist;
				LD_RUNPATH_SEARCH_PATHS = "$(inherited) @executable_path/Frameworks @loader_path/Frameworks";
				PRODUCT_BUNDLE_IDENTIFIER = com.jack.lin.JLAuthorizationDemoUITests;
				PRODUCT_NAME = "$(TARGET_NAME)";
				TEST_TARGET_NAME = JLAuthorizationDemo;
				USES_XCTRUNNER = YES;
			};
			name = Release;
		};
/* End XCBuildConfiguration section */

/* Begin XCConfigurationList section */
		DDC8DDBB1E895F7E001ADD47 /* Build configuration list for PBXProject "JLAuthorizationDemo" */ = {
			isa = XCConfigurationList;
			buildConfigurations = (
				DDC8DDEB1E895F7E001ADD47 /* Debug */,
				DDC8DDEC1E895F7E001ADD47 /* Release */,
			);
			defaultConfigurationIsVisible = 0;
			defaultConfigurationName = Release;
		};
		DDC8DDED1E895F7E001ADD47 /* Build configuration list for PBXNativeTarget "JLAuthorizationDemo" */ = {
			isa = XCConfigurationList;
			buildConfigurations = (
				DDC8DDEE1E895F7E001ADD47 /* Debug */,
				DDC8DDEF1E895F7E001ADD47 /* Release */,
			);
			defaultConfigurationIsVisible = 0;
			defaultConfigurationName = Release;
		};
		DDC8DDF01E895F7E001ADD47 /* Build configuration list for PBXNativeTarget "JLAuthorizationDemoTests" */ = {
			isa = XCConfigurationList;
			buildConfigurations = (
				DDC8DDF11E895F7E001ADD47 /* Debug */,
				DDC8DDF21E895F7E001ADD47 /* Release */,
			);
			defaultConfigurationIsVisible = 0;
			defaultConfigurationName = Release;
		};
		DDC8DDF31E895F7E001ADD47 /* Build configuration list for PBXNativeTarget "JLAuthorizationDemoUITests" */ = {
			isa = XCConfigurationList;
			buildConfigurations = (
				DDC8DDF41E895F7E001ADD47 /* Debug */,
				DDC8DDF51E895F7E001ADD47 /* Release */,
			);
			defaultConfigurationIsVisible = 0;
			defaultConfigurationName = Release;
		};
/* End XCConfigurationList section */
	};
	rootObject = DDC8DDB81E895F7E001ADD47 /* Project object */;
}
